
Microsoft Visual Studio Solution File, Format Version 12.00
# Visual Studio Version 17
VisualStudioVersion = 17.0.31903.59
MinimumVisualStudioVersion = 10.0.40219.1
Project("{9A19103F-16F7-4668-BE54-9A1E7A4F7556}") = "Remembo.Api", "Remembo.Api\Remembo.Api.csproj", "{10C331FA-3CCA-41FF-AC48-F40D26803B88}"
EndProject
Project("{9A19103F-16F7-4668-BE54-9A1E7A4F7556}") = "Remembo.Domain", "Remembo.Domain\Remembo.Domain.csproj", "{84A5927C-2C97-4342-87CC-3DA2086B08C1}"
EndProject
Project("{9A19103F-16F7-4668-BE54-9A1E7A4F7556}") = "Remembo.Service", "Remembo.Service\Remembo.Service.csproj", "{F30AAA21-A2AB-4B57-9591-86CF4E566EB3}"
EndProject
Project("{9A19103F-16F7-4668-BE54-9A1E7A4F7556}") = "Remembo.CrossCutting", "Remembo.CrossCutting\Remembo.CrossCutting.csproj", "{725D607A-23BE-4C6E-BCC5-2402AEFB114D}"
EndProject
Project("{9A19103F-16F7-4668-BE54-9A1E7A4F7556}") = "Remembo.Data", "Remembo.Data\Remembo.Data.csproj", "{5021F212-2C0C-4D2D-B537-7FCB9B383B0B}"
EndProject
Global
	GlobalSection(SolutionConfigurationPlatforms) = preSolution
		Debug|Any CPU = Debug|Any CPU
		Release|Any CPU = Release|Any CPU
	EndGlobalSection
	GlobalSection(ProjectConfigurationPlatforms) = postSolution
		{10C331FA-3CCA-41FF-AC48-F40D26803B88}.Debug|Any CPU.ActiveCfg = Debug|Any CPU
		{10C331FA-3CCA-41FF-AC48-F40D26803B88}.Debug|Any CPU.Build.0 = Debug|Any CPU
		{10C331FA-3CCA-41FF-AC48-F40D26803B88}.Release|Any CPU.ActiveCfg = Release|Any CPU
		{10C331FA-3CCA-41FF-AC48-F40D26803B88}.Release|Any CPU.Build.0 = Release|Any CPU
		{84A5927C-2C97-4342-87CC-3DA2086B08C1}.Debug|Any CPU.ActiveCfg = Debug|Any CPU
		{84A5927C-2C97-4342-87CC-3DA2086B08C1}.Debug|Any CPU.Build.0 = Debug|Any CPU
		{84A5927C-2C97-4342-87CC-3DA2086B08C1}.Release|Any CPU.ActiveCfg = Release|Any CPU
		{84A5927C-2C97-4342-87CC-3DA2086B08C1}.Release|Any CPU.Build.0 = Release|Any CPU
		{F30AAA21-A2AB-4B57-9591-86CF4E566EB3}.Debug|Any CPU.ActiveCfg = Debug|Any CPU
		{F30AAA21-A2AB-4B57-9591-86CF4E566EB3}.Debug|Any CPU.Build.0 = Debug|Any CPU
		{F30AAA21-A2AB-4B57-9591-86CF4E566EB3}.Release|Any CPU.ActiveCfg = Release|Any CPU
		{F30AAA21-A2AB-4B57-9591-86CF4E566EB3}.Release|Any CPU.Build.0 = Release|Any CPU
		{725D607A-23BE-4C6E-BCC5-2402AEFB114D}.Debug|Any CPU.ActiveCfg = Debug|Any CPU
		{725D607A-23BE-4C6E-BCC5-2402AEFB114D}.Debug|Any CPU.Build.0 = Debug|Any CPU
		{725D607A-23BE-4C6E-BCC5-2402AEFB114D}.Release|Any CPU.ActiveCfg = Release|Any CPU
		{725D607A-23BE-4C6E-BCC5-2402AEFB114D}.Release|Any CPU.Build.0 = Release|Any CPU
		{5021F212-2C0C-4D2D-B537-7FCB9B383B0B}.Debug|Any CPU.ActiveCfg = Debug|Any CPU
		{5021F212-2C0C-4D2D-B537-7FCB9B383B0B}.Debug|Any CPU.Build.0 = Debug|Any CPU
		{5021F212-2C0C-4D2D-B537-7FCB9B383B0B}.Release|Any CPU.ActiveCfg = Release|Any CPU
		{5021F212-2C0C-4D2D-B537-7FCB9B383B0B}.Release|Any CPU.Build.0 = Release|Any CPU
	EndGlobalSection
	GlobalSection(SolutionProperties) = preSolution
		HideSolutionNode = FALSE
	EndGlobalSection
EndGlobal
